{
    "_readme": [
        "This file locks the dependencies of your project to a known state",
        "Read more about it at https://getcomposer.org/doc/01-basic-usage.md#installing-dependencies",
        "This file is @generated automatically"
    ],
    "content-hash": "2c055388aa2a02a7a57a10666f1da71d",
    "packages": [
        {
            "name": "respect/stringifier",
            "version": "0.2.0",
            "source": {
                "type": "git",
                "url": "https://github.com/Respect/Stringifier.git",
                "reference": "e55af3c8aeaeaa2abb5fa47a58a8e9688cc23b59"
            },
            "dist": {
                "type": "zip",
                "url": "https://api.github.com/repos/Respect/Stringifier/zipball/e55af3c8aeaeaa2abb5fa47a58a8e9688cc23b59",
                "reference": "e55af3c8aeaeaa2abb5fa47a58a8e9688cc23b59",
                "shasum": ""
            },
            "require": {
                "php": ">=7.1"
            },
            "require-dev": {
                "friendsofphp/php-cs-fixer": "^2.8",
                "malukenho/docheader": "^0.1.7",
                "phpunit/phpunit": "^6.4"
            },
            "type": "library",
            "autoload": {
                "psr-4": {
                    "Respect\\Stringifier\\": "src/"
                },
                "files": [
                    "src/stringify.php"
                ]
            },
            "notification-url": "https://packagist.org/downloads/",
            "license": [
                "MIT"
            ],
            "authors": [
                {
                    "name": "Respect/Stringifier Contributors",
                    "homepage": "https://github.com/Respect/Stringifier/graphs/contributors"
                }
            ],
            "description": "Converts any value to a string",
            "homepage": "http://respect.github.io/Stringifier/",
            "keywords": [
                "respect",
                "stringifier",
                "stringify"
            ],
            "support": {
                "issues": "https://github.com/Respect/Stringifier/issues",
                "source": "https://github.com/Respect/Stringifier/tree/0.2.0"
            },
            "time": "2017-12-29T19:39:25+00:00"
        },
        {
            "name": "respect/validation",
            "version": "2.1.0",
            "source": {
                "type": "git",
                "url": "https://github.com/Respect/Validation.git",
                "reference": "6c3aed92137836788c8ce654b9c35763c5e98b54"
            },
            "dist": {
                "type": "zip",
                "url": "https://api.github.com/repos/Respect/Validation/zipball/6c3aed92137836788c8ce654b9c35763c5e98b54",
                "reference": "6c3aed92137836788c8ce654b9c35763c5e98b54",
                "shasum": ""
            },
            "require": {
                "php": "^7.3 || ^8.0",
                "respect/stringifier": "^0.2.0",
                "symfony/polyfill-mbstring": "^1.2"
            },
            "require-dev": {
                "egulias/email-validator": "^2.1",
                "malukenho/docheader": "^0.1",
                "mikey179/vfsstream": "^1.6",
                "phpstan/phpstan": "^0.12",
                "phpstan/phpstan-deprecation-rules": "^0.12",
                "phpstan/phpstan-phpunit": "^0.12",
                "phpunit/phpunit": "^9.3",
                "psr/http-message": "^1.0",
                "respect/coding-standard": "^3.0",
                "squizlabs/php_codesniffer": "^3.5",
                "symfony/validator": "^3.0||^4.0",
                "zendframework/zend-validator": "^2.1"
            },
            "suggest": {
                "egulias/email-validator": "Strict (RFC compliant) email validation",
                "ext-bcmath": "Arbitrary Precision Mathematics",
                "ext-fileinfo": "File Information",
                "ext-mbstring": "Multibyte String Functions",
                "symfony/validator": "Use Symfony validator through Respect\\Validation",
                "zendframework/zend-validator": "Use Zend Framework validator through Respect\\Validation"
            },
            "type": "library",
            "autoload": {
                "psr-4": {
                    "Respect\\Validation\\": "library/"
                }
            },
            "notification-url": "https://packagist.org/downloads/",
            "license": [
                "MIT"
            ],
            "authors": [
                {
                    "name": "Respect/Validation Contributors",
                    "homepage": "https://github.com/Respect/Validation/graphs/contributors"
                }
            ],
            "description": "The most awesome validation engine ever created for PHP",
            "homepage": "http://respect.github.io/Validation/",
            "keywords": [
                "respect",
                "validation",
                "validator"
            ],
            "support": {
                "issues": "https://github.com/Respect/Validation/issues",
                "source": "https://github.com/Respect/Validation/tree/2.1.0"
            },
            "time": "2020-10-04T12:09:34+00:00"
        },
        {
            "name": "symfony/polyfill-mbstring",
            "version": "v1.20.0",
            "source": {
                "type": "git",
                "url": "https://github.com/symfony/polyfill-mbstring.git",
                "reference": "39d483bdf39be819deabf04ec872eb0b2410b531"
            },
            "dist": {
                "type": "zip",
                "url": "https://api.github.com/repos/symfony/polyfill-mbstring/zipball/39d483bdf39be819deabf04ec872eb0b2410b531",
                "reference": "39d483bdf39be819deabf04ec872eb0b2410b531",
                "shasum": ""
            },
            "require": {
                "php": ">=7.1"
            },
            "suggest": {
                "ext-mbstring": "For best performance"
            },
            "type": "library",
            "extra": {
                "branch-alias": {
                    "dev-main": "1.20-dev"
                },
                "thanks": {
                    "name": "symfony/polyfill",
                    "url": "https://github.com/symfony/polyfill"
                }
            },
            "autoload": {
                "psr-4": {
                    "Symfony\\Polyfill\\Mbstring\\": ""
                },
                "files": [
                    "bootstrap.php"
                ]
            },
            "notification-url": "https://packagist.org/downloads/",
            "license": [
                "MIT"
            ],
            "authors": [
                {
                    "name": "Nicolas Grekas",
                    "email": "p@tchwork.com"
                },
                {
                    "name": "Symfony Community",
                    "homepage": "https://symfony.com/contributors"
                }
            ],
            "description": "Symfony polyfill for the Mbstring extension",
            "homepage": "https://symfony.com",
            "keywords": [
                "compatibility",
                "mbstring",
                "polyfill",
                "portable",
                "shim"
            ],
            "support": {
                "source": "https://github.com/symfony/polyfill-mbstring/tree/v1.20.0"
            },
            "funding": [
                {
                    "url": "https://symfony.com/sponsor",
                    "type": "custom"
                },
                {
                    "url": "https://github.com/fabpot",
                    "type": "github"
                },
                {
                    "url": "https://tidelift.com/funding/github/packagist/symfony/symfony",
                    "type": "tidelift"
                }
            ],
            "time": "2020-10-23T14:02:19+00:00"
        }
    ],
    "packages-dev": [
        {
            "name": "symfony/polyfill-php80",
            "version": "v1.20.0",
            "source": {
                "type": "git",
                "url": "https://github.com/symfony/polyfill-php80.git",
                "reference": "e70aa8b064c5b72d3df2abd5ab1e90464ad009de"
            },
            "dist": {
                "type": "zip",
                "url": "https://api.github.com/repos/symfony/polyfill-php80/zipball/e70aa8b064c5b72d3df2abd5ab1e90464ad009de",
                "reference": "e70aa8b064c5b72d3df2abd5ab1e90464ad009de",
                "shasum": ""
            },
            "require": {
                "php": ">=7.1"
            },
            "type": "library",
            "extra": {
                "branch-alias": {
                    "dev-main": "1.20-dev"
                },
                "thanks": {
                    "name": "symfony/polyfill",
                    "url": "https://github.com/symfony/polyfill"
                }
            },
            "autoload": {
                "psr-4": {
                    "Symfony\\Polyfill\\Php80\\": ""
                },
                "files": [
                    "bootstrap.php"
                ],
                "classmap": [
                    "Resources/stubs"
                ]
            },
            "notification-url": "https://packagist.org/downloads/",
            "license": [
                "MIT"
            ],
            "authors": [
                {
                    "name": "Ion Bazan",
                    "email": "ion.bazan@gmail.com"
                },
                {
                    "name": "Nicolas Grekas",
                    "email": "p@tchwork.com"
                },
                {
                    "name": "Symfony Community",
                    "homepage": "https://symfony.com/contributors"
                }
            ],
            "description": "Symfony polyfill backporting some PHP 8.0+ features to lower PHP versions",
            "homepage": "https://symfony.com",
            "keywords": [
                "compatibility",
                "polyfill",
                "portable",
                "shim"
            ],
            "support": {
                "source": "https://github.com/symfony/polyfill-php80/tree/v1.20.0"
            },
            "funding": [
                {
                    "url": "https://symfony.com/sponsor",
                    "type": "custom"
                },
                {
                    "url": "https://github.com/fabpot",
                    "type": "github"
                },
                {
                    "url": "https://tidelift.com/funding/github/packagist/symfony/symfony",
                    "type": "tidelift"
                }
            ],
            "time": "2020-10-23T14:02:19+00:00"
        },
        {
            "name": "symfony/var-dumper",
            "version": "v5.1.8",
            "source": {
                "type": "git",
                "url": "https://github.com/symfony/var-dumper.git",
                "reference": "4e13f3fcefb1fcaaa5efb5403581406f4e840b9a"
            },
            "dist": {
                "type": "zip",
                "url": "https://api.github.com/repos/symfony/var-dumper/zipball/4e13f3fcefb1fcaaa5efb5403581406f4e840b9a",
                "reference": "4e13f3fcefb1fcaaa5efb5403581406f4e840b9a",
                "shasum": ""
            },
            "require": {
                "php": ">=7.2.5",
                "symfony/polyfill-mbstring": "~1.0",
                "symfony/polyfill-php80": "^1.15"
            },
            "conflict": {
                "phpunit/phpunit": "<5.4.3",
                "symfony/console": "<4.4"
            },
            "require-dev": {
                "ext-iconv": "*",
                "symfony/console": "^4.4|^5.0",
                "symfony/process": "^4.4|^5.0",
                "twig/twig": "^2.4|^3.0"
            },
            "suggest": {
                "ext-iconv": "To convert non-UTF-8 strings to UTF-8 (or symfony/polyfill-iconv in case ext-iconv cannot be used).",
                "ext-intl": "To show region name in time zone dump",
                "symfony/console": "To use the ServerDumpCommand and/or the bin/var-dump-server script"
            },
            "bin": [
                "Resources/bin/var-dump-server"
            ],
            "type": "library",
            "autoload": {
                "files": [
                    "Resources/functions/dump.php"
                ],
                "psr-4": {
                    "Symfony\\Component\\VarDumper\\": ""
                },
                "exclude-from-classmap": [
                    "/Tests/"
                ]
            },
            "notification-url": "https://packagist.org/downloads/",
            "license": [
                "MIT"
            ],
            "authors": [
                {
                    "name": "Nicolas Grekas",
                    "email": "p@tchwork.com"
                },
                {
                    "name": "Symfony Community",
                    "homepage": "https://symfony.com/contributors"
                }
            ],
            "description": "Symfony mechanism for exploring and dumping PHP variables",
            "homepage": "https://symfony.com",
            "keywords": [
                "debug",
                "dump"
            ],
            "support": {
                "source": "https://github.com/symfony/var-dumper/tree/v5.1.8"
            },
            "funding": [
                {
                    "url": "https://symfony.com/sponsor",
                    "type": "custom"
                },
                {
                    "url": "https://github.com/fabpot",
                    "type": "github"
                },
                {
                    "url": "https://tidelift.com/funding/github/packagist/symfony/symfony",
                    "type": "tidelift"
                }
            ],
            "time": "2020-10-27T10:11:13+00:00"
        }
    ],
    "aliases": [],
    "minimum-stability": "stable",
    "stability-flags": [],
    "prefer-stable": false,
    "prefer-lowest": false,
    "platform": {
        "php": ">=7.2"
    },
    "platform-dev": [],
    "plugin-api-version": "2.0.0"
}
